// !$*UTF8*$!
{
	archiveVersion = 1;
	classes = {
	};
	objectVersion = 56;
	objects = {

/* Begin PBXBuildFile section */
		9E6C0FDD2A076E35007257F9 /* breadsApp.swift in Sources */ = {isa = PBXBuildFile; fileRef = 9E6C0FDC2A076E35007257F9 /* breadsApp.swift */; };
		9E6C0FDF2A076E35007257F9 /* ContentView.swift in Sources */ = {isa = PBXBuildFile; fileRef = 9E6C0FDE2A076E35007257F9 /* ContentView.swift */; };
		9E6C0FE12A076E36007257F9 /* Assets.xcassets in Resources */ = {isa = PBXBuildFile; fileRef = 9E6C0FE02A076E36007257F9 /* Assets.xcassets */; };
		9E6C0FE42A076E36007257F9 /* Preview Assets.xcassets in Resources */ = {isa = PBXBuildFile; fileRef = 9E6C0FE32A076E36007257F9 /* Preview Assets.xcassets */; };
		9E6C0FEC2A076FB3007257F9 /* Alamofire in Frameworks */ = {isa = PBXBuildFile; productRef = 9E6C0FEB2A076FB3007257F9 /* Alamofire */; };
		9E6C0FF02A07709B007257F9 /* Bread.swift in Sources */ = {isa = PBXBuildFile; fileRef = 9E6C0FEF2A07709B007257F9 /* Bread.swift */; };
		9E6C0FF22A0770FF007257F9 /* BreadAPI.swift in Sources */ = {isa = PBXBuildFile; fileRef = 9E6C0FF12A0770FF007257F9 /* BreadAPI.swift */; };
		9E6C0FF42A077157007257F9 /* BreadsViewModel.swift in Sources */ = {isa = PBXBuildFile; fileRef = 9E6C0FF32A077157007257F9 /* BreadsViewModel.swift */; };
		9E6C0FF62A077184007257F9 /* BreadListView.swift in Sources */ = {isa = PBXBuildFile; fileRef = 9E6C0FF52A077184007257F9 /* BreadListView.swift */; };
		9E6C0FFB2A077B06007257F9 /* URLImageView.swift in Sources */ = {isa = PBXBuildFile; fileRef = 9E6C0FFA2A077B06007257F9 /* URLImageView.swift */; };
		9E6C0FFD2A077D3A007257F9 /* BreadEditView.swift in Sources */ = {isa = PBXBuildFile; fileRef = 9E6C0FFC2A077D3A007257F9 /* BreadEditView.swift */; };
		9E6C0FFF2A077E20007257F9 /* BreadDetailView.swift in Sources */ = {isa = PBXBuildFile; fileRef = 9E6C0FFE2A077E20007257F9 /* BreadDetailView.swift */; };
		9E6C10012A078700007257F9 /* BreadCreateView.swift in Sources */ = {isa = PBXBuildFile; fileRef = 9E6C10002A078700007257F9 /* BreadCreateView.swift */; };
/* End PBXBuildFile section */

/* Begin PBXFileReference section */
		9E6C0FD92A076E35007257F9 /* breads.app */ = {isa = PBXFileReference; explicitFileType = wrapper.application; includeInIndex = 0; path = breads.app; sourceTree = BUILT_PRODUCTS_DIR; };
		9E6C0FDC2A076E35007257F9 /* breadsApp.swift */ = {isa = PBXFileReference; lastKnownFileType = sourcecode.swift; path = breadsApp.swift; sourceTree = "<group>"; };
		9E6C0FDE2A076E35007257F9 /* ContentView.swift */ = {isa = PBXFileReference; lastKnownFileType = sourcecode.swift; path = ContentView.swift; sourceTree = "<group>"; };
		9E6C0FE02A076E36007257F9 /* Assets.xcassets */ = {isa = PBXFileReference; lastKnownFileType = folder.assetcatalog; path = Assets.xcassets; sourceTree = "<group>"; };
		9E6C0FE32A076E36007257F9 /* Preview Assets.xcassets */ = {isa = PBXFileReference; lastKnownFileType = folder.assetcatalog; path = "Preview Assets.xcassets"; sourceTree = "<group>"; };
		9E6C0FEF2A07709B007257F9 /* Bread.swift */ = {isa = PBXFileReference; lastKnownFileType = sourcecode.swift; name = Bread.swift; path = models/Bread.swift; sourceTree = "<group>"; };
		9E6C0FF12A0770FF007257F9 /* BreadAPI.swift */ = {isa = PBXFileReference; lastKnownFileType = sourcecode.swift; name = BreadAPI.swift; path = controllers/BreadAPI.swift; sourceTree = "<group>"; };
		9E6C0FF32A077157007257F9 /* BreadsViewModel.swift */ = {isa = PBXFileReference; lastKnownFileType = sourcecode.swift; name = BreadsViewModel.swift; path = controllers/BreadsViewModel.swift; sourceTree = "<group>"; };
		9E6C0FF52A077184007257F9 /* BreadListView.swift */ = {isa = PBXFileReference; lastKnownFileType = sourcecode.swift; name = BreadListView.swift; path = views/BreadListView.swift; sourceTree = "<group>"; };
		9E6C0FF72A077498007257F9 /* Info.plist */ = {isa = PBXFileReference; lastKnownFileType = text.plist; path = Info.plist; sourceTree = "<group>"; };
		9E6C0FFA2A077B06007257F9 /* URLImageView.swift */ = {isa = PBXFileReference; lastKnownFileType = sourcecode.swift; name = URLImageView.swift; path = views/URLImageView.swift; sourceTree = "<group>"; };
		9E6C0FFC2A077D3A007257F9 /* BreadEditView.swift */ = {isa = PBXFileReference; lastKnownFileType = sourcecode.swift; name = BreadEditView.swift; path = views/BreadEditView.swift; sourceTree = "<group>"; };
		9E6C0FFE2A077E20007257F9 /* BreadDetailView.swift */ = {isa = PBXFileReference; lastKnownFileType = sourcecode.swift; name = BreadDetailView.swift; path = views/BreadDetailView.swift; sourceTree = "<group>"; };
		9E6C10002A078700007257F9 /* BreadCreateView.swift */ = {isa = PBXFileReference; lastKnownFileType = sourcecode.swift; name = BreadCreateView.swift; path = views/BreadCreateView.swift; sourceTree = "<group>"; };
/* End PBXFileReference section */

/* Begin PBXFrameworksBuildPhase section */
		9E6C0FD62A076E35007257F9 /* Frameworks */ = {
			isa = PBXFrameworksBuildPhase;
			buildActionMask = 2147483647;
			files = (
				9E6C0FEC2A076FB3007257F9 /* Alamofire in Frameworks */,
			);
			runOnlyForDeploymentPostprocessing = 0;
		};
/* End PBXFrameworksBuildPhase section */

/* Begin PBXGroup section */
		9E6C0FD02A076E35007257F9 = {
			isa = PBXGroup;
			children = (
				9E6C0FDB2A076E35007257F9 /* breads */,
				9E6C0FDA2A076E35007257F9 /* Products */,
			);
			sourceTree = "<group>";
		};
		9E6C0FDA2A076E35007257F9 /* Products */ = {
			isa = PBXGroup;
			children = (
				9E6C0FD92A076E35007257F9 /* breads.app */,
			);
			name = Products;
			sourceTree = "<group>";
		};
		9E6C0FDB2A076E35007257F9 /* breads */ = {
			isa = PBXGroup;
			children = (
				9E6C0FF72A077498007257F9 /* Info.plist */,
				9E6C0FDC2A076E35007257F9 /* breadsApp.swift */,
				9E6C0FDE2A076E35007257F9 /* ContentView.swift */,
				9E6C0FEF2A07709B007257F9 /* Bread.swift */,
				9E6C0FFA2A077B06007257F9 /* URLImageView.swift */,
				9E6C0FF12A0770FF007257F9 /* BreadAPI.swift */,
				9E6C0FFC2A077D3A007257F9 /* BreadEditView.swift */,
				9E6C10002A078700007257F9 /* BreadCreateView.swift */,
				9E6C0FFE2A077E20007257F9 /* BreadDetailView.swift */,
				9E6C0FF32A077157007257F9 /* BreadsViewModel.swift */,
				9E6C0FF52A077184007257F9 /* BreadListView.swift */,
				9E6C0FE02A076E36007257F9 /* Assets.xcassets */,
				9E6C0FE22A076E36007257F9 /* Preview Content */,
			);
			path = breads;
			sourceTree = "<group>";
		};
		9E6C0FE22A076E36007257F9 /* Preview Content */ = {
			isa = PBXGroup;
			children = (
				9E6C0FE32A076E36007257F9 /* Preview Assets.xcassets */,
			);
			path = "Preview Content";
			sourceTree = "<group>";
		};
/* End PBXGroup section */

/* Begin PBXNativeTarget section */
		9E6C0FD82A076E35007257F9 /* breads */ = {
			isa = PBXNativeTarget;
			buildConfigurationList = 9E6C0FE72A076E36007257F9 /* Build configuration list for PBXNativeTarget "breads" */;
			buildPhases = (
				9E6C0FD52A076E35007257F9 /* Sources */,
				9E6C0FD62A076E35007257F9 /* Frameworks */,
				9E6C0FD72A076E35007257F9 /* Resources */,
			);
			buildRules = (
			);
			dependencies = (
			);
			name = breads;
			packageProductDependencies = (
				9E6C0FEB2A076FB3007257F9 /* Alamofire */,
			);
			productName = breads;
			productReference = 9E6C0FD92A076E35007257F9 /* breads.app */;
			productType = "com.apple.product-type.application";
		};
/* End PBXNativeTarget section */

/* Begin PBXProject section */
		9E6C0FD12A076E35007257F9 /* Project object */ = {
			isa = PBXProject;
			attributes = {
				BuildIndependentTargetsInParallel = 1;
				LastSwiftUpdateCheck = 1430;
				LastUpgradeCheck = 1430;
				TargetAttributes = {
					9E6C0FD82A076E35007257F9 = {
						CreatedOnToolsVersion = 14.3;
					};
				};
			};
			buildConfigurationList = 9E6C0FD42A076E35007257F9 /* Build configuration list for PBXProject "breads" */;
			compatibilityVersion = "Xcode 14.0";
			developmentRegion = en;
			hasScannedForEncodings = 0;
			knownRegions = (
				en,
				Base,
			);
			mainGroup = 9E6C0FD02A076E35007257F9;
			packageReferences = (
				9E6C0FEA2A076FB3007257F9 /* XCRemoteSwiftPackageReference "Alamofire" */,
			);
			productRefGroup = 9E6C0FDA2A076E35007257F9 /* Products */;
			projectDirPath = "";
			projectRoot = "";
			targets = (
				9E6C0FD82A076E35007257F9 /* breads */,
			);
		};
/* End PBXProject section */

/* Begin PBXResourcesBuildPhase section */
		9E6C0FD72A076E35007257F9 /* Resources */ = {
			isa = PBXResourcesBuildPhase;
			buildActionMask = 2147483647;
			files = (
				9E6C0FE42A076E36007257F9 /* Preview Assets.xcassets in Resources */,
				9E6C0FE12A076E36007257F9 /* Assets.xcassets in Resources */,
			);
			runOnlyForDeploymentPostprocessing = 0;
		};
/* End PBXResourcesBuildPhase section */

/* Begin PBXSourcesBuildPhase section */
		9E6C0FD52A076E35007257F9 /* Sources */ = {
			isa = PBXSourcesBuildPhase;
			buildActionMask = 2147483647;
			files = (
				9E6C0FFB2A077B06007257F9 /* URLImageView.swift in Sources */,
				9E6C0FFF2A077E20007257F9 /* BreadDetailView.swift in Sources */,
				9E6C0FDF2A076E35007257F9 /* ContentView.swift in Sources */,
				9E6C0FF62A077184007257F9 /* BreadListView.swift in Sources */,
				9E6C0FF42A077157007257F9 /* BreadsViewModel.swift in Sources */,
				9E6C0FF22A0770FF007257F9 /* BreadAPI.swift in Sources */,
				9E6C0FFD2A077D3A007257F9 /* BreadEditView.swift in Sources */,
				9E6C0FF02A07709B007257F9 /* Bread.swift in Sources */,
				9E6C0FDD2A076E35007257F9 /* breadsApp.swift in Sources */,
				9E6C10012A078700007257F9 /* BreadCreateView.swift in Sources */,
			);
			runOnlyForDeploymentPostprocessing = 0;
		};
/* End PBXSourcesBuildPhase section */

/* Begin XCBuildConfiguration section */
		9E6C0FE52A076E36007257F9 /* Debug */ = {
			isa = XCBuildConfiguration;
			buildSettings = {
				ALWAYS_SEARCH_USER_PATHS = NO;
				CLANG_ANALYZER_NONNULL = YES;
				CLANG_ANALYZER_NUMBER_OBJECT_CONVERSION = YES_AGGRESSIVE;
				CLANG_CXX_LANGUAGE_STANDARD = "gnu++20";
				CLANG_ENABLE_MODULES = YES;
				CLANG_ENABLE_OBJC_ARC = YES;
				CLANG_ENABLE_OBJC_WEAK = YES;
				CLANG_WARN_BLOCK_CAPTURE_AUTORELEASING = YES;
				CLANG_WARN_BOOL_CONVERSION = YES;
				CLANG_WARN_COMMA = YES;
				CLANG_WARN_CONSTANT_CONVERSION = YES;
				CLANG_WARN_DEPRECATED_OBJC_IMPLEMENTATIONS = YES;
				CLANG_WARN_DIRECT_OBJC_ISA_USAGE = YES_ERROR;
				CLANG_WARN_DOCUMENTATION_COMMENTS = YES;
				CLANG_WARN_EMPTY_BODY = YES;
				CLANG_WARN_ENUM_CONVERSION = YES;
				CLANG_WARN_INFINITE_RECURSION = YES;
				CLANG_WARN_INT_CONVERSION = YES;
				CLANG_WARN_NON_LITERAL_NULL_CONVERSION = YES;
				CLANG_WARN_OBJC_IMPLICIT_RETAIN_SELF = YES;
				CLANG_WARN_OBJC_LITERAL_CONVERSION = YES;
				CLANG_WARN_OBJC_ROOT_CLASS = YES_ERROR;
				CLANG_WARN_QUOTED_INCLUDE_IN_FRAMEWORK_HEADER = YES;
				CLANG_WARN_RANGE_LOOP_ANALYSIS = YES;
				CLANG_WARN_STRICT_PROTOTYPES = YES;
				CLANG_WARN_SUSPICIOUS_MOVE = YES;
				CLANG_WARN_UNGUARDED_AVAILABILITY = YES_AGGRESSIVE;
				CLANG_WARN_UNREACHABLE_CODE = YES;
				CLANG_WARN__DUPLICATE_METHOD_MATCH = YES;
				COPY_PHASE_STRIP = NO;
				DEBUG_INFORMATION_FORMAT = dwarf;
				ENABLE_STRICT_OBJC_MSGSEND = YES;
				ENABLE_TESTABILITY = YES;
				GCC_C_LANGUAGE_STANDARD = gnu11;
				GCC_DYNAMIC_NO_PIC = NO;
				GCC_NO_COMMON_BLOCKS = YES;
				GCC_OPTIMIZATION_LEVEL = 0;
				GCC_PREPROCESSOR_DEFINITIONS = (
					"DEBUG=1",
					"$(inherited)",
				);
				GCC_WARN_64_TO_32_BIT_CONVERSION = YES;
				GCC_WARN_ABOUT_RETURN_TYPE = YES_ERROR;
				GCC_WARN_UNDECLARED_SELECTOR = YES;
				GCC_WARN_UNINITIALIZED_AUTOS = YES_AGGRESSIVE;
				GCC_WARN_UNUSED_FUNCTION = YES;
				GCC_WARN_UNUSED_VARIABLE = YES;
				IPHONEOS_DEPLOYMENT_TARGET = 16.4;
				MTL_ENABLE_DEBUG_INFO = INCLUDE_SOURCE;
				MTL_FAST_MATH = YES;
				ONLY_ACTIVE_ARCH = YES;
				SDKROOT = iphoneos;
				SWIFT_ACTIVE_COMPILATION_CONDITIONS = DEBUG;
				SWIFT_OPTIMIZATION_LEVEL = "-Onone";
			};
			name = Debug;
		};
		9E6C0FE62A076E36007257F9 /* Release */ = {
			isa = XCBuildConfiguration;
			buildSettings = {
				ALWAYS_SEARCH_USER_PATHS = NO;
				CLANG_ANALYZER_NONNULL = YES;
				CLANG_ANALYZER_NUMBER_OBJECT_CONVERSION = YES_AGGRESSIVE;
				CLANG_CXX_LANGUAGE_STANDARD = "gnu++20";
				CLANG_ENABLE_MODULES = YES;
				CLANG_ENABLE_OBJC_ARC = YES;
				CLANG_ENABLE_OBJC_WEAK = YES;
				CLANG_WARN_BLOCK_CAPTURE_AUTORELEASING = YES;
				CLANG_WARN_BOOL_CONVERSION = YES;
				CLANG_WARN_COMMA = YES;
				CLANG_WARN_CONSTANT_CONVERSION = YES;
				CLANG_WARN_DEPRECATED_OBJC_IMPLEMENTATIONS = YES;
				CLANG_WARN_DIRECT_OBJC_ISA_USAGE = YES_ERROR;
				CLANG_WARN_DOCUMENTATION_COMMENTS = YES;
				CLANG_WARN_EMPTY_BODY = YES;
				CLANG_WARN_ENUM_CONVERSION = YES;
				CLANG_WARN_INFINITE_RECURSION = YES;
				CLANG_WARN_INT_CONVERSION = YES;
				CLANG_WARN_NON_LITERAL_NULL_CONVERSION = YES;
				CLANG_WARN_OBJC_IMPLICIT_RETAIN_SELF = YES;
				CLANG_WARN_OBJC_LITERAL_CONVERSION = YES;
				CLANG_WARN_OBJC_ROOT_CLASS = YES_ERROR;
				CLANG_WARN_QUOTED_INCLUDE_IN_FRAMEWORK_HEADER = YES;
				CLANG_WARN_RANGE_LOOP_ANALYSIS = YES;
				CLANG_WARN_STRICT_PROTOTYPES = YES;
				CLANG_WARN_SUSPICIOUS_MOVE = YES;
				CLANG_WARN_UNGUARDED_AVAILABILITY = YES_AGGRESSIVE;
				CLANG_WARN_UNREACHABLE_CODE = YES;
				CLANG_WARN__DUPLICATE_METHOD_MATCH = YES;
				COPY_PHASE_STRIP = NO;
				DEBUG_INFORMATION_FORMAT = "dwarf-with-dsym";
				ENABLE_NS_ASSERTIONS = NO;
				ENABLE_STRICT_OBJC_MSGSEND = YES;
				GCC_C_LANGUAGE_STANDARD = gnu11;
				GCC_NO_COMMON_BLOCKS = YES;
				GCC_WARN_64_TO_32_BIT_CONVERSION = YES;
				GCC_WARN_ABOUT_RETURN_TYPE = YES_ERROR;
				GCC_WARN_UNDECLARED_SELECTOR = YES;
				GCC_WARN_UNINITIALIZED_AUTOS = YES_AGGRESSIVE;
				GCC_WARN_UNUSED_FUNCTION = YES;
				GCC_WARN_UNUSED_VARIABLE = YES;
				IPHONEOS_DEPLOYMENT_TARGET = 16.4;
				MTL_ENABLE_DEBUG_INFO = NO;
				MTL_FAST_MATH = YES;
				SDKROOT = iphoneos;
				SWIFT_COMPILATION_MODE = wholemodule;
				SWIFT_OPTIMIZATION_LEVEL = "-O";
				VALIDATE_PRODUCT = YES;
			};
			name = Release;
		};
		9E6C0FE82A076E36007257F9 /* Debug */ = {
			isa = XCBuildConfiguration;
			buildSettings = {
				ASSETCATALOG_COMPILER_APPICON_NAME = AppIcon;
				ASSETCATALOG_COMPILER_GLOBAL_ACCENT_COLOR_NAME = AccentColor;
				CODE_SIGN_STYLE = Automatic;
				CURRENT_PROJECT_VERSION = 1;
				DEVELOPMENT_ASSET_PATHS = "\"breads/Preview Content\"";
				ENABLE_PREVIEWS = YES;
				GENERATE_INFOPLIST_FILE = YES;
				INFOPLIST_FILE = breads/Info.plist;
				INFOPLIST_KEY_UIApplicationSceneManifest_Generation = YES;
				INFOPLIST_KEY_UIApplicationSupportsIndirectInputEvents = YES;
				INFOPLIST_KEY_UILaunchScreen_Generation = YES;
				INFOPLIST_KEY_UISupportedInterfaceOrientations_iPad = "UIInterfaceOrientationPortrait UIInterfaceOrientationPortraitUpsideDown UIInterfaceOrientationLandscapeLeft UIInterfaceOrientationLandscapeRight";
				INFOPLIST_KEY_UISupportedInterfaceOrientations_iPhone = "UIInterfaceOrientationPortrait UIInterfaceOrientationLandscapeLeft UIInterfaceOrientationLandscapeRight";
				LD_RUNPATH_SEARCH_PATHS = (
					"$(inherited)",
					"@executable_path/Frameworks",
				);
				MARKETING_VERSION = 1.0;
				PRODUCT_BUNDLE_IDENTIFIER = com.halfnibble.breads;
				PRODUCT_NAME = "$(TARGET_NAME)";
				SWIFT_EMIT_LOC_STRINGS = YES;
				SWIFT_VERSION = 5.0;
				TARGETED_DEVICE_FAMILY = "1,2";
			};
			name = Debug;
		};
		9E6C0FE92A076E36007257F9 /* Release */ = {
			isa = XCBuildConfiguration;
			buildSettings = {
				ASSETCATALOG_COMPILER_APPICON_NAME = AppIcon;
				ASSETCATALOG_COMPILER_GLOBAL_ACCENT_COLOR_NAME = AccentColor;
				CODE_SIGN_STYLE = Automatic;
				CURRENT_PROJECT_VERSION = 1;
				DEVELOPMENT_ASSET_PATHS = "\"breads/Preview Content\"";
				ENABLE_PREVIEWS = YES;
				GENERATE_INFOPLIST_FILE = YES;
				INFOPLIST_FILE = breads/Info.plist;
				INFOPLIST_KEY_UIApplicationSceneManifest_Generation = YES;
				INFOPLIST_KEY_UIApplicationSupportsIndirectInputEvents = YES;
				INFOPLIST_KEY_UILaunchScreen_Generation = YES;
				INFOPLIST_KEY_UISupportedInterfaceOrientations_iPad = "UIInterfaceOrientationPortrait UIInterfaceOrientationPortraitUpsideDown UIInterfaceOrientationLandscapeLeft UIInterfaceOrientationLandscapeRight";
				INFOPLIST_KEY_UISupportedInterfaceOrientations_iPhone = "UIInterfaceOrientationPortrait UIInterfaceOrientationLandscapeLeft UIInterfaceOrientationLandscapeRight";
				LD_RUNPATH_SEARCH_PATHS = (
					"$(inherited)",
					"@executable_path/Frameworks",
				);
				MARKETING_VERSION = 1.0;
				PRODUCT_BUNDLE_IDENTIFIER = com.halfnibble.breads;
				PRODUCT_NAME = "$(TARGET_NAME)";
				SWIFT_EMIT_LOC_STRINGS = YES;
				SWIFT_VERSION = 5.0;
				TARGETED_DEVICE_FAMILY = "1,2";
			};
			name = Release;
		};
/* End XCBuildConfiguration section */

/* Begin XCConfigurationList section */
		9E6C0FD42A076E35007257F9 /* Build configuration list for PBXProject "breads" */ = {
			isa = XCConfigurationList;
			buildConfigurations = (
				9E6C0FE52A076E36007257F9 /* Debug */,
				9E6C0FE62A076E36007257F9 /* Release */,
			);
			defaultConfigurationIsVisible = 0;
			defaultConfigurationName = Release;
		};
		9E6C0FE72A076E36007257F9 /* Build configuration list for PBXNativeTarget "breads" */ = {
			isa = XCConfigurationList;
			buildConfigurations = (
				9E6C0FE82A076E36007257F9 /* Debug */,
				9E6C0FE92A076E36007257F9 /* Release */,
			);
			defaultConfigurationIsVisible = 0;
			defaultConfigurationName = Release;
		};
/* End XCConfigurationList section */

/* Begin XCRemoteSwiftPackageReference section */
		9E6C0FEA2A076FB3007257F9 /* XCRemoteSwiftPackageReference "Alamofire" */ = {
			isa = XCRemoteSwiftPackageReference;
			repositoryURL = "https://github.com/Alamofire/Alamofire";
			requirement = {
				kind = upToNextMajorVersion;
				minimumVersion = 5.0.0;
			};
		};
/* End XCRemoteSwiftPackageReference section */

/* Begin XCSwiftPackageProductDependency section */
		9E6C0FEB2A076FB3007257F9 /* Alamofire */ = {
			isa = XCSwiftPackageProductDependency;
			package = 9E6C0FEA2A076FB3007257F9 /* XCRemoteSwiftPackageReference "Alamofire" */;
			productName = Alamofire;
		};
/* End XCSwiftPackageProductDependency section */
	};
	rootObject = 9E6C0FD12A076E35007257F9 /* Project object */;
}
